
Microsoft Visual Studio Solution File, Format Version 12.00
# Visual Studio Version 17
VisualStudioVersion = 17.4.33213.308
MinimumVisualStudioVersion = 10.0.40219.1
Project("{FAE04EC0-301F-11D3-BF4B-00C04F79EFBC}") = "ToDoBlazor", "ToDoBlazor\ToDoBlazor.csproj", "{CF0325E0-372F-4C17-8167-3C77F6B9728D}"
EndProject
Global
	GlobalSection(SolutionConfigurationPlatforms) = preSolution
		Debug|Any CPU = Debug|Any CPU
		Release|Any CPU = Release|Any CPU
	EndGlobalSection
	GlobalSection(ProjectConfigurationPlatforms) = postSolution
		{CF0325E0-372F-4C17-8167-3C77F6B9728D}.Debug|Any CPU.ActiveCfg = Debug|Any CPU
		{CF0325E0-372F-4C17-8167-3C77F6B9728D}.Debug|Any CPU.Build.0 = Debug|Any CPU
		{CF0325E0-372F-4C17-8167-3C77F6B9728D}.Release|Any CPU.ActiveCfg = Release|Any CPU
		{CF0325E0-372F-4C17-8167-3C77F6B9728D}.Release|Any CPU.Build.0 = Release|Any CPU
	EndGlobalSection
	GlobalSection(SolutionProperties) = preSolution
		HideSolutionNode = FALSE
	EndGlobalSection
	GlobalSection(ExtensibilityGlobals) = postSolution
		SolutionGuid = {C62B8283-C469-4974-90C0-1A50C50C2315}
	EndGlobalSection
EndGlobal
